
Microsoft Visual Studio Solution File, Format Version 12.00
# Visual Studio Version 16
VisualStudioVersion = 16.0.33927.289
MinimumVisualStudioVersion = 10.0.40219.1
Project("{2150E333-8FDC-42A3-9474-1A3956D46DE8}") = "Task0", "Task0", "{FCCE2188-9E74-4C63-9956-9B72B4FDE900}"
EndProject
Project("{FAE04EC0-301F-11D3-BF4B-00C04F79EFBC}") = "Tyuiu.MezentsevSE.Sprint1.Task0.V18", "Tyuiu.MezentsevSE.Sprint1.Task0.V18\Tyuiu.MezentsevSE.Sprint1.Task0.V18.csproj", "{126F30D2-84E1-45BE-A5DF-A269A1130A30}"
EndProject
Project("{FAE04EC0-301F-11D3-BF4B-00C04F79EFBC}") = "Tyuiu.MezentsevSE.Sprint1.Task0.V18.Lib", "Tyuiu.MezentsevSE.Sprint1.Task0.V18.Lib\Tyuiu.MezentsevSE.Sprint1.Task0.V18.Lib.csproj", "{BBEA163B-7B2B-4890-BD9A-FBCCFF7319B5}"
EndProject
Project("{FAE04EC0-301F-11D3-BF4B-00C04F79EFBC}") = "Tyuiu.MezentsevSE.Sprint1.Task0.V18.Test", "Tyuiu.MezentsevSE.Sprint1.Task0.V18.Test\Tyuiu.MezentsevSE.Sprint1.Task0.V18.Test.csproj", "{C7ECEE9F-0690-4603-9CB8-DB1EC8882D2B}"
EndProject
Project("{2150E333-8FDC-42A3-9474-1A3956D46DE8}") = "Task1", "Task1", "{C0BA1056-5615-4DD6-9C94-A30A5E9E0CF1}"
EndProject
Project("{FAE04EC0-301F-11D3-BF4B-00C04F79EFBC}") = "Tyuiu.MezentsevSE.Sprint1.Task1.V6", "Tyuiu.MezentsevSE.Sprint1.Task1.V6\Tyuiu.MezentsevSE.Sprint1.Task1.V6.csproj", "{48B1ACA8-3FD4-4B60-B7F6-9553DB3DFA4F}"
EndProject
Project("{FAE04EC0-301F-11D3-BF4B-00C04F79EFBC}") = "Tyuiu.MezentsevSE.Sprint1.Task1.V6.Lib", "Tyuiu.MezentsevSE.Sprint1.Task1.V6.Lib\Tyuiu.MezentsevSE.Sprint1.Task1.V6.Lib.csproj", "{9EDEF1D7-380C-4FEC-B753-7816F0EAB88E}"
EndProject
Project("{FAE04EC0-301F-11D3-BF4B-00C04F79EFBC}") = "Tyuiu.MezentsevSE.Sprint1.Task1.V6.Test", "Tyuiu.MezentsevSE.Sprint1.Task1.V6.Test\Tyuiu.MezentsevSE.Sprint1.Task1.V6.Test.csproj", "{933F7BE5-37F2-4869-9745-2FC269EE88E6}"
EndProject
Project("{2150E333-8FDC-42A3-9474-1A3956D46DE8}") = "Task2", "Task2", "{007D7D95-524F-4756-9DFA-89CE63279417}"
EndProject
Project("{FAE04EC0-301F-11D3-BF4B-00C04F79EFBC}") = "Tyuiu.MezentsevSE.Sprint1.Task2.V29", "Tyuiu.MezentsevSE.Sprint1.Task2.V29\Tyuiu.MezentsevSE.Sprint1.Task2.V29.csproj", "{B55A8FC3-F794-4A79-B8E9-6B5108AA3EBA}"
EndProject
Project("{FAE04EC0-301F-11D3-BF4B-00C04F79EFBC}") = "Tyuiu.MezentsevSE.Sprint1.Task2.V29.Lib", "Tyuiu.MezentsevSE.Sprint1.Task2.V29.Lib\Tyuiu.MezentsevSE.Sprint1.Task2.V29.Lib.csproj", "{1BF5589A-998A-4BFD-864D-67518C16E6DD}"
EndProject
Project("{FAE04EC0-301F-11D3-BF4B-00C04F79EFBC}") = "Tyuiu.MezentsevSE.Sprint1.Task2.V29.Test", "Tyuiu.MezentsevSE.Sprint1.Task2.V29.Test\Tyuiu.MezentsevSE.Sprint1.Task2.V29.Test.csproj", "{6B346182-03B0-4537-804E-97D829F7CF74}"
EndProject
Project("{2150E333-8FDC-42A3-9474-1A3956D46DE8}") = "Task3", "Task3", "{44A89094-43D8-4445-B11F-E53E75548C86}"
EndProject
Project("{FAE04EC0-301F-11D3-BF4B-00C04F79EFBC}") = "Tyuiu.MezentsevSE.Sprint1.Task3.V6.Lib", "Tyuiu.MezentsevSE.Sprint1.Task3.Lib\Tyuiu.MezentsevSE.Sprint1.Task3.V6.Lib.csproj", "{E3CBE936-F9BE-4AE4-93BD-48665AA195CA}"
EndProject
Project("{FAE04EC0-301F-11D3-BF4B-00C04F79EFBC}") = "Tyuiu.MezentsevSE.Sprint1.Task3.V6.Test", "Tyuiu.MezentsevSE.Sprint1.Task3.Test\Tyuiu.MezentsevSE.Sprint1.Task3.V6.Test.csproj", "{266E723F-2AD3-458C-95B9-B70EB494F2FA}"
EndProject
Project("{FAE04EC0-301F-11D3-BF4B-00C04F79EFBC}") = "Tyuiu.MezentsevSE.Sprint1.Task3.V6", "Tyuiu.MezentsevSE.Sprint1.Task3.V6\Tyuiu.MezentsevSE.Sprint1.Task3.V6.csproj", "{0FF2CCB6-0223-4C0F-ADB4-021B31E1BD2E}"
EndProject
Project("{2150E333-8FDC-42A3-9474-1A3956D46DE8}") = "Task4", "Task4", "{B443B972-5842-4907-974B-BA30553E4F9F}"
EndProject
Project("{FAE04EC0-301F-11D3-BF4B-00C04F79EFBC}") = "Tyuiu.MezentsevSE.Sprint1.Task4.V23", "Tyuiu.MezentsevSE.Sprint1.Task4.V23\Tyuiu.MezentsevSE.Sprint1.Task4.V23.csproj", "{77F6BEDD-F4A1-481C-AF5B-61543358366D}"
EndProject
Project("{FAE04EC0-301F-11D3-BF4B-00C04F79EFBC}") = "Tyuiu.MezentsevSE.Sprint1.Task4.V23.Lib", "Tyuiu.MezentsevSE.Sprint1.Task4.V23.Lib\Tyuiu.MezentsevSE.Sprint1.Task4.V23.Lib.csproj", "{F34C7A7B-9E86-4251-9B12-86472E360085}"
EndProject
Project("{FAE04EC0-301F-11D3-BF4B-00C04F79EFBC}") = "Tyuiu.MezentsevSE.Sprint1.Task4.V23.Test", "Tyuiu.MezentsevSE.Sprint1.Task4.V23.Test\Tyuiu.MezentsevSE.Sprint1.Task4.V23.Test.csproj", "{F51AC034-BE57-496E-B184-F69FA09D7B07}"
EndProject
Project("{2150E333-8FDC-42A3-9474-1A3956D46DE8}") = "Task5", "Task5", "{D949A9DC-28EF-46AD-96F8-AD617EA4AA90}"
EndProject
Project("{FAE04EC0-301F-11D3-BF4B-00C04F79EFBC}") = "Tyuiu.MezentsevSE.Sprint1.Task5.V6", "Tyuiu.MezentsevSE.Sprint1.Task5.V6\Tyuiu.MezentsevSE.Sprint1.Task5.V6.csproj", "{22AD60B7-D423-4F7B-878E-723014B81E38}"
EndProject
Project("{FAE04EC0-301F-11D3-BF4B-00C04F79EFBC}") = "Tyuiu.MezentsevSE.Sprint1.Task5.V6.Lib", "Tyuiu.MezentsevSE.Sprint1.Task5.V6.Lib\Tyuiu.MezentsevSE.Sprint1.Task5.V6.Lib.csproj", "{E661CBDD-47DF-4852-ABE8-A54BE46761EE}"
EndProject
Project("{FAE04EC0-301F-11D3-BF4B-00C04F79EFBC}") = "Tyuiu.MezentsevSE.Sprint1.Task5.V6.Test", "Tyuiu.MezentsevSE.Sprint1.Task5.V6.Test\Tyuiu.MezentsevSE.Sprint1.Task5.V6.Test.csproj", "{249D39DC-E368-4749-B352-9D046264EF8F}"
EndProject
Project("{2150E333-8FDC-42A3-9474-1A3956D46DE8}") = "Task6", "Task6", "{0797A14E-780A-4232-9F14-ADEE25E59574}"
EndProject
Project("{FAE04EC0-301F-11D3-BF4B-00C04F79EFBC}") = "Tyuiu.MezentsevSE.Sprint1.Task6.V15", "Tyuiu.MezentsevSE.Sprint1.Task6.V15\Tyuiu.MezentsevSE.Sprint1.Task6.V15.csproj", "{8BD99B98-ADE5-4361-8AF7-5B88CE5E0A12}"
EndProject
Project("{FAE04EC0-301F-11D3-BF4B-00C04F79EFBC}") = "Tyuiu.MezentsevSE.Sprint1.Task6.V15.Lib", "Tyuiu.MezentsevSE.Sprint1.Task6.V15.Lib\Tyuiu.MezentsevSE.Sprint1.Task6.V15.Lib.csproj", "{BC4A6D37-3B2D-46CD-86F2-8B21562EB05D}"
EndProject
Project("{FAE04EC0-301F-11D3-BF4B-00C04F79EFBC}") = "Tyuiu.MezentsevSE.Sprint1.Task6.V15.Test", "Tyuiu.MezentsevSE.Sprint1.Task6.V15.Test\Tyuiu.MezentsevSE.Sprint1.Task6.V15.Test.csproj", "{337203C7-CF6E-4405-9771-8A9C9F6025A8}"
EndProject
Global
	GlobalSection(SolutionConfigurationPlatforms) = preSolution
		Debug|Any CPU = Debug|Any CPU
		Release|Any CPU = Release|Any CPU
	EndGlobalSection
	GlobalSection(ProjectConfigurationPlatforms) = postSolution
		{126F30D2-84E1-45BE-A5DF-A269A1130A30}.Debug|Any CPU.ActiveCfg = Debug|Any CPU
		{126F30D2-84E1-45BE-A5DF-A269A1130A30}.Debug|Any CPU.Build.0 = Debug|Any CPU
		{126F30D2-84E1-45BE-A5DF-A269A1130A30}.Release|Any CPU.ActiveCfg = Release|Any CPU
		{126F30D2-84E1-45BE-A5DF-A269A1130A30}.Release|Any CPU.Build.0 = Release|Any CPU
		{BBEA163B-7B2B-4890-BD9A-FBCCFF7319B5}.Debug|Any CPU.ActiveCfg = Debug|Any CPU
		{BBEA163B-7B2B-4890-BD9A-FBCCFF7319B5}.Debug|Any CPU.Build.0 = Debug|Any CPU
		{BBEA163B-7B2B-4890-BD9A-FBCCFF7319B5}.Release|Any CPU.ActiveCfg = Release|Any CPU
		{BBEA163B-7B2B-4890-BD9A-FBCCFF7319B5}.Release|Any CPU.Build.0 = Release|Any CPU
		{C7ECEE9F-0690-4603-9CB8-DB1EC8882D2B}.Debug|Any CPU.ActiveCfg = Debug|Any CPU
		{C7ECEE9F-0690-4603-9CB8-DB1EC8882D2B}.Debug|Any CPU.Build.0 = Debug|Any CPU
		{C7ECEE9F-0690-4603-9CB8-DB1EC8882D2B}.Release|Any CPU.ActiveCfg = Release|Any CPU
		{C7ECEE9F-0690-4603-9CB8-DB1EC8882D2B}.Release|Any CPU.Build.0 = Release|Any CPU
		{48B1ACA8-3FD4-4B60-B7F6-9553DB3DFA4F}.Debug|Any CPU.ActiveCfg = Debug|Any CPU
		{48B1ACA8-3FD4-4B60-B7F6-9553DB3DFA4F}.Debug|Any CPU.Build.0 = Debug|Any CPU
		{48B1ACA8-3FD4-4B60-B7F6-9553DB3DFA4F}.Release|Any CPU.ActiveCfg = Release|Any CPU
		{48B1ACA8-3FD4-4B60-B7F6-9553DB3DFA4F}.Release|Any CPU.Build.0 = Release|Any CPU
		{9EDEF1D7-380C-4FEC-B753-7816F0EAB88E}.Debug|Any CPU.ActiveCfg = Debug|Any CPU
		{9EDEF1D7-380C-4FEC-B753-7816F0EAB88E}.Debug|Any CPU.Build.0 = Debug|Any CPU
		{9EDEF1D7-380C-4FEC-B753-7816F0EAB88E}.Release|Any CPU.ActiveCfg = Release|Any CPU
		{9EDEF1D7-380C-4FEC-B753-7816F0EAB88E}.Release|Any CPU.Build.0 = Release|Any CPU
		{933F7BE5-37F2-4869-9745-2FC269EE88E6}.Debug|Any CPU.ActiveCfg = Debug|Any CPU
		{933F7BE5-37F2-4869-9745-2FC269EE88E6}.Debug|Any CPU.Build.0 = Debug|Any CPU
		{933F7BE5-37F2-4869-9745-2FC269EE88E6}.Release|Any CPU.ActiveCfg = Release|Any CPU
		{933F7BE5-37F2-4869-9745-2FC269EE88E6}.Release|Any CPU.Build.0 = Release|Any CPU
		{B55A8FC3-F794-4A79-B8E9-6B5108AA3EBA}.Debug|Any CPU.ActiveCfg = Debug|Any CPU
		{B55A8FC3-F794-4A79-B8E9-6B5108AA3EBA}.Debug|Any CPU.Build.0 = Debug|Any CPU
		{B55A8FC3-F794-4A79-B8E9-6B5108AA3EBA}.Release|Any CPU.ActiveCfg = Release|Any CPU
		{B55A8FC3-F794-4A79-B8E9-6B5108AA3EBA}.Release|Any CPU.Build.0 = Release|Any CPU
		{1BF5589A-998A-4BFD-864D-67518C16E6DD}.Debug|Any CPU.ActiveCfg = Debug|Any CPU
		{1BF5589A-998A-4BFD-864D-67518C16E6DD}.Debug|Any CPU.Build.0 = Debug|Any CPU
		{1BF5589A-998A-4BFD-864D-67518C16E6DD}.Release|Any CPU.ActiveCfg = Release|Any CPU
		{1BF5589A-998A-4BFD-864D-67518C16E6DD}.Release|Any CPU.Build.0 = Release|Any CPU
		{6B346182-03B0-4537-804E-97D829F7CF74}.Debug|Any CPU.ActiveCfg = Debug|Any CPU
		{6B346182-03B0-4537-804E-97D829F7CF74}.Debug|Any CPU.Build.0 = Debug|Any CPU
		{6B346182-03B0-4537-804E-97D829F7CF74}.Release|Any CPU.ActiveCfg = Release|Any CPU
		{6B346182-03B0-4537-804E-97D829F7CF74}.Release|Any CPU.Build.0 = Release|Any CPU
		{E3CBE936-F9BE-4AE4-93BD-48665AA195CA}.Debug|Any CPU.ActiveCfg = Debug|Any CPU
		{E3CBE936-F9BE-4AE4-93BD-48665AA195CA}.Debug|Any CPU.Build.0 = Debug|Any CPU
		{E3CBE936-F9BE-4AE4-93BD-48665AA195CA}.Release|Any CPU.ActiveCfg = Release|Any CPU
		{E3CBE936-F9BE-4AE4-93BD-48665AA195CA}.Release|Any CPU.Build.0 = Release|Any CPU
		{266E723F-2AD3-458C-95B9-B70EB494F2FA}.Debug|Any CPU.ActiveCfg = Debug|Any CPU
		{266E723F-2AD3-458C-95B9-B70EB494F2FA}.Debug|Any CPU.Build.0 = Debug|Any CPU
		{266E723F-2AD3-458C-95B9-B70EB494F2FA}.Release|Any CPU.ActiveCfg = Release|Any CPU
		{266E723F-2AD3-458C-95B9-B70EB494F2FA}.Release|Any CPU.Build.0 = Release|Any CPU
		{0FF2CCB6-0223-4C0F-ADB4-021B31E1BD2E}.Debug|Any CPU.ActiveCfg = Debug|Any CPU
		{0FF2CCB6-0223-4C0F-ADB4-021B31E1BD2E}.Debug|Any CPU.Build.0 = Debug|Any CPU
		{0FF2CCB6-0223-4C0F-ADB4-021B31E1BD2E}.Release|Any CPU.ActiveCfg = Release|Any CPU
		{0FF2CCB6-0223-4C0F-ADB4-021B31E1BD2E}.Release|Any CPU.Build.0 = Release|Any CPU
		{77F6BEDD-F4A1-481C-AF5B-61543358366D}.Debug|Any CPU.ActiveCfg = Debug|Any CPU
		{77F6BEDD-F4A1-481C-AF5B-61543358366D}.Debug|Any CPU.Build.0 = Debug|Any CPU
		{77F6BEDD-F4A1-481C-AF5B-61543358366D}.Release|Any CPU.ActiveCfg = Release|Any CPU
		{77F6BEDD-F4A1-481C-AF5B-61543358366D}.Release|Any CPU.Build.0 = Release|Any CPU
		{F34C7A7B-9E86-4251-9B12-86472E360085}.Debug|Any CPU.ActiveCfg = Debug|Any CPU
		{F34C7A7B-9E86-4251-9B12-86472E360085}.Debug|Any CPU.Build.0 = Debug|Any CPU
		{F34C7A7B-9E86-4251-9B12-86472E360085}.Release|Any CPU.ActiveCfg = Release|Any CPU
		{F34C7A7B-9E86-4251-9B12-86472E360085}.Release|Any CPU.Build.0 = Release|Any CPU
		{F51AC034-BE57-496E-B184-F69FA09D7B07}.Debug|Any CPU.ActiveCfg = Debug|Any CPU
		{F51AC034-BE57-496E-B184-F69FA09D7B07}.Debug|Any CPU.Build.0 = Debug|Any CPU
		{F51AC034-BE57-496E-B184-F69FA09D7B07}.Release|Any CPU.ActiveCfg = Release|Any CPU
		{F51AC034-BE57-496E-B184-F69FA09D7B07}.Release|Any CPU.Build.0 = Release|Any CPU
		{22AD60B7-D423-4F7B-878E-723014B81E38}.Debug|Any CPU.ActiveCfg = Debug|Any CPU
		{22AD60B7-D423-4F7B-878E-723014B81E38}.Debug|Any CPU.Build.0 = Debug|Any CPU
		{22AD60B7-D423-4F7B-878E-723014B81E38}.Release|Any CPU.ActiveCfg = Release|Any CPU
		{22AD60B7-D423-4F7B-878E-723014B81E38}.Release|Any CPU.Build.0 = Release|Any CPU
		{E661CBDD-47DF-4852-ABE8-A54BE46761EE}.Debug|Any CPU.ActiveCfg = Debug|Any CPU
		{E661CBDD-47DF-4852-ABE8-A54BE46761EE}.Debug|Any CPU.Build.0 = Debug|Any CPU
		{E661CBDD-47DF-4852-ABE8-A54BE46761EE}.Release|Any CPU.ActiveCfg = Release|Any CPU
		{E661CBDD-47DF-4852-ABE8-A54BE46761EE}.Release|Any CPU.Build.0 = Release|Any CPU
		{249D39DC-E368-4749-B352-9D046264EF8F}.Debug|Any CPU.ActiveCfg = Debug|Any CPU
		{249D39DC-E368-4749-B352-9D046264EF8F}.Debug|Any CPU.Build.0 = Debug|Any CPU
		{249D39DC-E368-4749-B352-9D046264EF8F}.Release|Any CPU.ActiveCfg = Release|Any CPU
		{249D39DC-E368-4749-B352-9D046264EF8F}.Release|Any CPU.Build.0 = Release|Any CPU
		{8BD99B98-ADE5-4361-8AF7-5B88CE5E0A12}.Debug|Any CPU.ActiveCfg = Debug|Any CPU
		{8BD99B98-ADE5-4361-8AF7-5B88CE5E0A12}.Debug|Any CPU.Build.0 = Debug|Any CPU
		{8BD99B98-ADE5-4361-8AF7-5B88CE5E0A12}.Release|Any CPU.ActiveCfg = Release|Any CPU
		{8BD99B98-ADE5-4361-8AF7-5B88CE5E0A12}.Release|Any CPU.Build.0 = Release|Any CPU
		{BC4A6D37-3B2D-46CD-86F2-8B21562EB05D}.Debug|Any CPU.ActiveCfg = Debug|Any CPU
		{BC4A6D37-3B2D-46CD-86F2-8B21562EB05D}.Debug|Any CPU.Build.0 = Debug|Any CPU
		{BC4A6D37-3B2D-46CD-86F2-8B21562EB05D}.Release|Any CPU.ActiveCfg = Release|Any CPU
		{BC4A6D37-3B2D-46CD-86F2-8B21562EB05D}.Release|Any CPU.Build.0 = Release|Any CPU
		{337203C7-CF6E-4405-9771-8A9C9F6025A8}.Debug|Any CPU.ActiveCfg = Debug|Any CPU
		{337203C7-CF6E-4405-9771-8A9C9F6025A8}.Debug|Any CPU.Build.0 = Debug|Any CPU
		{337203C7-CF6E-4405-9771-8A9C9F6025A8}.Release|Any CPU.ActiveCfg = Release|Any CPU
		{337203C7-CF6E-4405-9771-8A9C9F6025A8}.Release|Any CPU.Build.0 = Release|Any CPU
	EndGlobalSection
	GlobalSection(SolutionProperties) = preSolution
		HideSolutionNode = FALSE
	EndGlobalSection
	GlobalSection(NestedProjects) = preSolution
		{126F30D2-84E1-45BE-A5DF-A269A1130A30} = {FCCE2188-9E74-4C63-9956-9B72B4FDE900}
		{BBEA163B-7B2B-4890-BD9A-FBCCFF7319B5} = {FCCE2188-9E74-4C63-9956-9B72B4FDE900}
		{C7ECEE9F-0690-4603-9CB8-DB1EC8882D2B} = {FCCE2188-9E74-4C63-9956-9B72B4FDE900}
		{48B1ACA8-3FD4-4B60-B7F6-9553DB3DFA4F} = {C0BA1056-5615-4DD6-9C94-A30A5E9E0CF1}
		{9EDEF1D7-380C-4FEC-B753-7816F0EAB88E} = {C0BA1056-5615-4DD6-9C94-A30A5E9E0CF1}
		{933F7BE5-37F2-4869-9745-2FC269EE88E6} = {C0BA1056-5615-4DD6-9C94-A30A5E9E0CF1}
		{B55A8FC3-F794-4A79-B8E9-6B5108AA3EBA} = {007D7D95-524F-4756-9DFA-89CE63279417}
		{1BF5589A-998A-4BFD-864D-67518C16E6DD} = {007D7D95-524F-4756-9DFA-89CE63279417}
		{6B346182-03B0-4537-804E-97D829F7CF74} = {007D7D95-524F-4756-9DFA-89CE63279417}
		{E3CBE936-F9BE-4AE4-93BD-48665AA195CA} = {44A89094-43D8-4445-B11F-E53E75548C86}
		{266E723F-2AD3-458C-95B9-B70EB494F2FA} = {44A89094-43D8-4445-B11F-E53E75548C86}
		{0FF2CCB6-0223-4C0F-ADB4-021B31E1BD2E} = {44A89094-43D8-4445-B11F-E53E75548C86}
		{77F6BEDD-F4A1-481C-AF5B-61543358366D} = {B443B972-5842-4907-974B-BA30553E4F9F}
		{F34C7A7B-9E86-4251-9B12-86472E360085} = {B443B972-5842-4907-974B-BA30553E4F9F}
		{F51AC034-BE57-496E-B184-F69FA09D7B07} = {B443B972-5842-4907-974B-BA30553E4F9F}
		{22AD60B7-D423-4F7B-878E-723014B81E38} = {D949A9DC-28EF-46AD-96F8-AD617EA4AA90}
		{E661CBDD-47DF-4852-ABE8-A54BE46761EE} = {D949A9DC-28EF-46AD-96F8-AD617EA4AA90}
		{249D39DC-E368-4749-B352-9D046264EF8F} = {D949A9DC-28EF-46AD-96F8-AD617EA4AA90}
		{8BD99B98-ADE5-4361-8AF7-5B88CE5E0A12} = {0797A14E-780A-4232-9F14-ADEE25E59574}
		{BC4A6D37-3B2D-46CD-86F2-8B21562EB05D} = {0797A14E-780A-4232-9F14-ADEE25E59574}
		{337203C7-CF6E-4405-9771-8A9C9F6025A8} = {0797A14E-780A-4232-9F14-ADEE25E59574}
	EndGlobalSection
	GlobalSection(ExtensibilityGlobals) = postSolution
		SolutionGuid = {22438952-2A75-4CF0-927B-914DC8EDD3E5}
	EndGlobalSection
EndGlobal
