
Microsoft Visual Studio Solution File, Format Version 12.00
# Visual Studio Version 16
VisualStudioVersion = 16.0.33927.289
MinimumVisualStudioVersion = 10.0.40219.1
Project("{2150E333-8FDC-42A3-9474-1A3956D46DE8}") = "Task0", "Task0", "{FCCE2188-9E74-4C63-9956-9B72B4FDE900}"
EndProject
Project("{FAE04EC0-301F-11D3-BF4B-00C04F79EFBC}") = "Tyuiu.MezentsevSE.Sprint1.Task0.V18", "Tyuiu.MezentsevSE.Sprint1.Task0.V18\Tyuiu.MezentsevSE.Sprint1.Task0.V18.csproj", "{126F30D2-84E1-45BE-A5DF-A269A1130A30}"
EndProject
Project("{FAE04EC0-301F-11D3-BF4B-00C04F79EFBC}") = "Tyuiu.MezentsevSE.Sprint1.Task0.V18.Lib", "Tyuiu.MezentsevSE.Sprint1.Task0.V18.Lib\Tyuiu.MezentsevSE.Sprint1.Task0.V18.Lib.csproj", "{BBEA163B-7B2B-4890-BD9A-FBCCFF7319B5}"
EndProject
Project("{FAE04EC0-301F-11D3-BF4B-00C04F79EFBC}") = "Tyuiu.MezentsevSE.Sprint1.Task0.V18.Test", "Tyuiu.MezentsevSE.Sprint1.Task0.V18.Test\Tyuiu.MezentsevSE.Sprint1.Task0.V18.Test.csproj", "{C7ECEE9F-0690-4603-9CB8-DB1EC8882D2B}"
EndProject
Global
	GlobalSection(SolutionConfigurationPlatforms) = preSolution
		Debug|Any CPU = Debug|Any CPU
		Release|Any CPU = Release|Any CPU
	EndGlobalSection
	GlobalSection(ProjectConfigurationPlatforms) = postSolution
		{126F30D2-84E1-45BE-A5DF-A269A1130A30}.Debug|Any CPU.ActiveCfg = Debug|Any CPU
		{126F30D2-84E1-45BE-A5DF-A269A1130A30}.Debug|Any CPU.Build.0 = Debug|Any CPU
		{126F30D2-84E1-45BE-A5DF-A269A1130A30}.Release|Any CPU.ActiveCfg = Release|Any CPU
		{126F30D2-84E1-45BE-A5DF-A269A1130A30}.Release|Any CPU.Build.0 = Release|Any CPU
		{BBEA163B-7B2B-4890-BD9A-FBCCFF7319B5}.Debug|Any CPU.ActiveCfg = Debug|Any CPU
		{BBEA163B-7B2B-4890-BD9A-FBCCFF7319B5}.Debug|Any CPU.Build.0 = Debug|Any CPU
		{BBEA163B-7B2B-4890-BD9A-FBCCFF7319B5}.Release|Any CPU.ActiveCfg = Release|Any CPU
		{BBEA163B-7B2B-4890-BD9A-FBCCFF7319B5}.Release|Any CPU.Build.0 = Release|Any CPU
		{C7ECEE9F-0690-4603-9CB8-DB1EC8882D2B}.Debug|Any CPU.ActiveCfg = Debug|Any CPU
		{C7ECEE9F-0690-4603-9CB8-DB1EC8882D2B}.Debug|Any CPU.Build.0 = Debug|Any CPU
		{C7ECEE9F-0690-4603-9CB8-DB1EC8882D2B}.Release|Any CPU.ActiveCfg = Release|Any CPU
		{C7ECEE9F-0690-4603-9CB8-DB1EC8882D2B}.Release|Any CPU.Build.0 = Release|Any CPU
	EndGlobalSection
	GlobalSection(SolutionProperties) = preSolution
		HideSolutionNode = FALSE
	EndGlobalSection
	GlobalSection(NestedProjects) = preSolution
		{126F30D2-84E1-45BE-A5DF-A269A1130A30} = {FCCE2188-9E74-4C63-9956-9B72B4FDE900}
		{BBEA163B-7B2B-4890-BD9A-FBCCFF7319B5} = {FCCE2188-9E74-4C63-9956-9B72B4FDE900}
		{C7ECEE9F-0690-4603-9CB8-DB1EC8882D2B} = {FCCE2188-9E74-4C63-9956-9B72B4FDE900}
	EndGlobalSection
	GlobalSection(ExtensibilityGlobals) = postSolution
		SolutionGuid = {22438952-2A75-4CF0-927B-914DC8EDD3E5}
	EndGlobalSection
EndGlobal
